
Microsoft Visual Studio Solution File, Format Version 12.00
# Visual Studio Version 17
VisualStudioVersion = 17.5.33414.496
MinimumVisualStudioVersion = 10.0.40219.1
Project("{9A19103F-16F7-4668-BE54-9A1E7A4F7556}") = "Core_Blog_Sitesi", "Core_Blog_Sitesi\Core_Blog_Sitesi.csproj", "{DF664E95-B010-4005-BB96-45D078D3AD7D}"
EndProject
Project("{9A19103F-16F7-4668-BE54-9A1E7A4F7556}") = "EntityLayer", "EntityLayer\EntityLayer.csproj", "{51AA202C-0DD8-4D38-8106-80C0E65747B0}"
EndProject
Project("{9A19103F-16F7-4668-BE54-9A1E7A4F7556}") = "DataLayer", "DataLayer\DataLayer.csproj", "{CF81EF6E-75B0-477B-8DF7-C44DE454BC1B}"
EndProject
Project("{9A19103F-16F7-4668-BE54-9A1E7A4F7556}") = "ServiceLayer", "ServiceLayer\ServiceLayer.csproj", "{117FBE40-FE13-4FEC-9C0B-0E3E47DA1AF4}"
EndProject
Project("{9A19103F-16F7-4668-BE54-9A1E7A4F7556}") = "CoreLayer", "CoreLayer\CoreLayer.csproj", "{000B96D4-96F4-4E05-9793-7C70DC021262}"
EndProject
Project("{2150E333-8FDC-42A3-9474-1A3956D46DE8}") = "Solution Items", "Solution Items", "{C484008C-9E4F-48D7-B184-EFFF6D2EE547}"
	ProjectSection(SolutionItems) = preProject
		NOT.txt = NOT.txt
	EndProjectSection
EndProject
Global
	GlobalSection(SolutionConfigurationPlatforms) = preSolution
		Debug|Any CPU = Debug|Any CPU
		Release|Any CPU = Release|Any CPU
	EndGlobalSection
	GlobalSection(ProjectConfigurationPlatforms) = postSolution
		{DF664E95-B010-4005-BB96-45D078D3AD7D}.Debug|Any CPU.ActiveCfg = Debug|Any CPU
		{DF664E95-B010-4005-BB96-45D078D3AD7D}.Debug|Any CPU.Build.0 = Debug|Any CPU
		{DF664E95-B010-4005-BB96-45D078D3AD7D}.Release|Any CPU.ActiveCfg = Release|Any CPU
		{DF664E95-B010-4005-BB96-45D078D3AD7D}.Release|Any CPU.Build.0 = Release|Any CPU
		{51AA202C-0DD8-4D38-8106-80C0E65747B0}.Debug|Any CPU.ActiveCfg = Debug|Any CPU
		{51AA202C-0DD8-4D38-8106-80C0E65747B0}.Debug|Any CPU.Build.0 = Debug|Any CPU
		{51AA202C-0DD8-4D38-8106-80C0E65747B0}.Release|Any CPU.ActiveCfg = Release|Any CPU
		{51AA202C-0DD8-4D38-8106-80C0E65747B0}.Release|Any CPU.Build.0 = Release|Any CPU
		{CF81EF6E-75B0-477B-8DF7-C44DE454BC1B}.Debug|Any CPU.ActiveCfg = Debug|Any CPU
		{CF81EF6E-75B0-477B-8DF7-C44DE454BC1B}.Debug|Any CPU.Build.0 = Debug|Any CPU
		{CF81EF6E-75B0-477B-8DF7-C44DE454BC1B}.Release|Any CPU.ActiveCfg = Release|Any CPU
		{CF81EF6E-75B0-477B-8DF7-C44DE454BC1B}.Release|Any CPU.Build.0 = Release|Any CPU
		{117FBE40-FE13-4FEC-9C0B-0E3E47DA1AF4}.Debug|Any CPU.ActiveCfg = Debug|Any CPU
		{117FBE40-FE13-4FEC-9C0B-0E3E47DA1AF4}.Debug|Any CPU.Build.0 = Debug|Any CPU
		{117FBE40-FE13-4FEC-9C0B-0E3E47DA1AF4}.Release|Any CPU.ActiveCfg = Release|Any CPU
		{117FBE40-FE13-4FEC-9C0B-0E3E47DA1AF4}.Release|Any CPU.Build.0 = Release|Any CPU
		{000B96D4-96F4-4E05-9793-7C70DC021262}.Debug|Any CPU.ActiveCfg = Debug|Any CPU
		{000B96D4-96F4-4E05-9793-7C70DC021262}.Debug|Any CPU.Build.0 = Debug|Any CPU
		{000B96D4-96F4-4E05-9793-7C70DC021262}.Release|Any CPU.ActiveCfg = Release|Any CPU
		{000B96D4-96F4-4E05-9793-7C70DC021262}.Release|Any CPU.Build.0 = Release|Any CPU
	EndGlobalSection
	GlobalSection(SolutionProperties) = preSolution
		HideSolutionNode = FALSE
	EndGlobalSection
	GlobalSection(ExtensibilityGlobals) = postSolution
		SolutionGuid = {A0A77E26-D789-4D69-9F72-376D56A54C45}
	EndGlobalSection
EndGlobal
